
Microsoft Visual Studio Solution File, Format Version 12.00
# Visual Studio Version 17
VisualStudioVersion = 17.4.33205.214
MinimumVisualStudioVersion = 10.0.40219.1
Project("{FAE04EC0-301F-11D3-BF4B-00C04F79EFBC}") = "SL_Pom_Framework_Test", "Selenium_Pom_Framework\SL_Pom_Framework_Test.csproj", "{C8DFA129-3312-4E1D-8A87-CE42F5C293C7}"
EndProject
Global
	GlobalSection(SolutionConfigurationPlatforms) = preSolution
		Debug|Any CPU = Debug|Any CPU
		Release|Any CPU = Release|Any CPU
	EndGlobalSection
	GlobalSection(ProjectConfigurationPlatforms) = postSolution
		{C8DFA129-3312-4E1D-8A87-CE42F5C293C7}.Debug|Any CPU.ActiveCfg = Debug|Any CPU
		{C8DFA129-3312-4E1D-8A87-CE42F5C293C7}.Debug|Any CPU.Build.0 = Debug|Any CPU
		{C8DFA129-3312-4E1D-8A87-CE42F5C293C7}.Release|Any CPU.ActiveCfg = Release|Any CPU
		{C8DFA129-3312-4E1D-8A87-CE42F5C293C7}.Release|Any CPU.Build.0 = Release|Any CPU
	EndGlobalSection
	GlobalSection(SolutionProperties) = preSolution
		HideSolutionNode = FALSE
	EndGlobalSection
	GlobalSection(ExtensibilityGlobals) = postSolution
		SolutionGuid = {EBC4BD1B-6191-4C2E-B91C-AC093D0AC50C}
	EndGlobalSection
EndGlobal
